
Microsoft Visual Studio Solution File, Format Version 12.00
# Visual Studio Version 17
VisualStudioVersion = 17.9.34728.123
MinimumVisualStudioVersion = 10.0.40219.1
Project("{FAE04EC0-301F-11D3-BF4B-00C04F79EFBC}") = "Week 9", "Week 9\Week 9.csproj", "{2DD8DBEB-1B9E-4CE2-8755-B4C81CA03DD5}"
EndProject
Global
	GlobalSection(SolutionConfigurationPlatforms) = preSolution
		Debug|Any CPU = Debug|Any CPU
		Release|Any CPU = Release|Any CPU
	EndGlobalSection
	GlobalSection(ProjectConfigurationPlatforms) = postSolution
		{2DD8DBEB-1B9E-4CE2-8755-B4C81CA03DD5}.Debug|Any CPU.ActiveCfg = Debug|Any CPU
		{2DD8DBEB-1B9E-4CE2-8755-B4C81CA03DD5}.Debug|Any CPU.Build.0 = Debug|Any CPU
		{2DD8DBEB-1B9E-4CE2-8755-B4C81CA03DD5}.Release|Any CPU.ActiveCfg = Release|Any CPU
		{2DD8DBEB-1B9E-4CE2-8755-B4C81CA03DD5}.Release|Any CPU.Build.0 = Release|Any CPU
	EndGlobalSection
	GlobalSection(SolutionProperties) = preSolution
		HideSolutionNode = FALSE
	EndGlobalSection
	GlobalSection(ExtensibilityGlobals) = postSolution
		SolutionGuid = {1B1CE126-F24E-4E7E-B0CE-CF005F71EF1A}
	EndGlobalSection
EndGlobal
